// !$*UTF8*$!
{
	archiveVersion = 1;
	classes = {
	};
	objectVersion = 50;
	objects = {

/* Begin PBXBuildFile section */
		38EF286F2825643900BBA6CE /* AppDelegate.swift in Sources */ = {isa = PBXBuildFile; fileRef = 38EF286E2825643900BBA6CE /* AppDelegate.swift */; };
		38EF28712825643900BBA6CE /* SceneDelegate.swift in Sources */ = {isa = PBXBuildFile; fileRef = 38EF28702825643900BBA6CE /* SceneDelegate.swift */; };
		38EF28732825643900BBA6CE /* ViewController.swift in Sources */ = {isa = PBXBuildFile; fileRef = 38EF28722825643900BBA6CE /* ViewController.swift */; };
		38EF28762825643900BBA6CE /* Main.storyboard in Resources */ = {isa = PBXBuildFile; fileRef = 38EF28742825643900BBA6CE /* Main.storyboard */; };
		38EF28782825644C00BBA6CE /* Assets.xcassets in Resources */ = {isa = PBXBuildFile; fileRef = 38EF28772825644C00BBA6CE /* Assets.xcassets */; };
		38EF287B2825644C00BBA6CE /* LaunchScreen.storyboard in Resources */ = {isa = PBXBuildFile; fileRef = 38EF28792825644C00BBA6CE /* LaunchScreen.storyboard */; };
		38EF28842825671D00BBA6CE /* CalculosViewController.swift in Sources */ = {isa = PBXBuildFile; fileRef = 38EF28832825671D00BBA6CE /* CalculosViewController.swift */; };
/* End PBXBuildFile section */

/* Begin PBXFileReference section */
		38EF286B2825643900BBA6CE /* CalculadoraPropinas.app */ = {isa = PBXFileReference; explicitFileType = wrapper.application; includeInIndex = 0; path = CalculadoraPropinas.app; sourceTree = BUILT_PRODUCTS_DIR; };
		38EF286E2825643900BBA6CE /* AppDelegate.swift */ = {isa = PBXFileReference; lastKnownFileType = sourcecode.swift; path = AppDelegate.swift; sourceTree = "<group>"; };
		38EF28702825643900BBA6CE /* SceneDelegate.swift */ = {isa = PBXFileReference; lastKnownFileType = sourcecode.swift; path = SceneDelegate.swift; sourceTree = "<group>"; };
		38EF28722825643900BBA6CE /* ViewController.swift */ = {isa = PBXFileReference; lastKnownFileType = sourcecode.swift; path = ViewController.swift; sourceTree = "<group>"; };
		38EF28752825643900BBA6CE /* Base */ = {isa = PBXFileReference; lastKnownFileType = file.storyboard; name = Base; path = Base.lproj/Main.storyboard; sourceTree = "<group>"; };
		38EF28772825644C00BBA6CE /* Assets.xcassets */ = {isa = PBXFileReference; lastKnownFileType = folder.assetcatalog; path = Assets.xcassets; sourceTree = "<group>"; };
		38EF287A2825644C00BBA6CE /* Base */ = {isa = PBXFileReference; lastKnownFileType = file.storyboard; name = Base; path = Base.lproj/LaunchScreen.storyboard; sourceTree = "<group>"; };
		38EF287C2825644C00BBA6CE /* Info.plist */ = {isa = PBXFileReference; lastKnownFileType = text.plist.xml; path = Info.plist; sourceTree = "<group>"; };
		38EF28832825671D00BBA6CE /* CalculosViewController.swift */ = {isa = PBXFileReference; lastKnownFileType = sourcecode.swift; path = CalculosViewController.swift; sourceTree = "<group>"; };
/* End PBXFileReference section */

/* Begin PBXFrameworksBuildPhase section */
		38EF28682825643900BBA6CE /* Frameworks */ = {
			isa = PBXFrameworksBuildPhase;
			buildActionMask = 2147483647;
			files = (
			);
			runOnlyForDeploymentPostprocessing = 0;
		};
/* End PBXFrameworksBuildPhase section */

/* Begin PBXGroup section */
		38EF28622825643900BBA6CE = {
			isa = PBXGroup;
			children = (
				38EF286D2825643900BBA6CE /* CalculadoraPropinas */,
				38EF286C2825643900BBA6CE /* Products */,
			);
			sourceTree = "<group>";
		};
		38EF286C2825643900BBA6CE /* Products */ = {
			isa = PBXGroup;
			children = (
				38EF286B2825643900BBA6CE /* CalculadoraPropinas.app */,
			);
			name = Products;
			sourceTree = "<group>";
		};
		38EF286D2825643900BBA6CE /* CalculadoraPropinas */ = {
			isa = PBXGroup;
			children = (
				38EF286E2825643900BBA6CE /* AppDelegate.swift */,
				38EF28702825643900BBA6CE /* SceneDelegate.swift */,
				38EF28722825643900BBA6CE /* ViewController.swift */,
				38EF28742825643900BBA6CE /* Main.storyboard */,
				38EF28772825644C00BBA6CE /* Assets.xcassets */,
				38EF28792825644C00BBA6CE /* LaunchScreen.storyboard */,
				38EF287C2825644C00BBA6CE /* Info.plist */,
				38EF28832825671D00BBA6CE /* CalculosViewController.swift */,
			);
			path = CalculadoraPropinas;
			sourceTree = "<group>";
		};
/* End PBXGroup section */

/* Begin PBXNativeTarget section */
		38EF286A2825643900BBA6CE /* CalculadoraPropinas */ = {
			isa = PBXNativeTarget;
			buildConfigurationList = 38EF287F2825644C00BBA6CE /* Build configuration list for PBXNativeTarget "CalculadoraPropinas" */;
			buildPhases = (
				38EF28672825643900BBA6CE /* Sources */,
				38EF28682825643900BBA6CE /* Frameworks */,
				38EF28692825643900BBA6CE /* Resources */,
			);
			buildRules = (
			);
			dependencies = (
			);
			name = CalculadoraPropinas;
			productName = CalculadoraPropinas;
			productReference = 38EF286B2825643900BBA6CE /* CalculadoraPropinas.app */;
			productType = "com.apple.product-type.application";
		};
/* End PBXNativeTarget section */

/* Begin PBXProject section */
		38EF28632825643900BBA6CE /* Project object */ = {
			isa = PBXProject;
			attributes = {
				LastSwiftUpdateCheck = 1210;
				LastUpgradeCheck = 1210;
				TargetAttributes = {
					38EF286A2825643900BBA6CE = {
						CreatedOnToolsVersion = 12.1;
					};
				};
			};
			buildConfigurationList = 38EF28662825643900BBA6CE /* Build configuration list for PBXProject "CalculadoraPropinas" */;
			compatibilityVersion = "Xcode 9.3";
			developmentRegion = en;
			hasScannedForEncodings = 0;
			knownRegions = (
				en,
				Base,
			);
			mainGroup = 38EF28622825643900BBA6CE;
			productRefGroup = 38EF286C2825643900BBA6CE /* Products */;
			projectDirPath = "";
			projectRoot = "";
			targets = (
				38EF286A2825643900BBA6CE /* CalculadoraPropinas */,
			);
		};
/* End PBXProject section */

/* Begin PBXResourcesBuildPhase section */
		38EF28692825643900BBA6CE /* Resources */ = {
			isa = PBXResourcesBuildPhase;
			buildActionMask = 2147483647;
			files = (
				38EF287B2825644C00BBA6CE /* LaunchScreen.storyboard in Resources */,
				38EF28782825644C00BBA6CE /* Assets.xcassets in Resources */,
				38EF28762825643900BBA6CE /* Main.storyboard in Resources */,
			);
			runOnlyForDeploymentPostprocessing = 0;
		};
/* End PBXResourcesBuildPhase section */

/* Begin PBXSourcesBuildPhase section */
		38EF28672825643900BBA6CE /* Sources */ = {
			isa = PBXSourcesBuildPhase;
			buildActionMask = 2147483647;
			files = (
				38EF28842825671D00BBA6CE /* CalculosViewController.swift in Sources */,
				38EF28732825643900BBA6CE /* ViewController.swift in Sources */,
				38EF286F2825643900BBA6CE /* AppDelegate.swift in Sources */,
				38EF28712825643900BBA6CE /* SceneDelegate.swift in Sources */,
			);
			runOnlyForDeploymentPostprocessing = 0;
		};
/* End PBXSourcesBuildPhase section */

/* Begin PBXVariantGroup section */
		38EF28742825643900BBA6CE /* Main.storyboard */ = {
			isa = PBXVariantGroup;
			children = (
				38EF28752825643900BBA6CE /* Base */,
			);
			name = Main.storyboard;
			sourceTree = "<group>";
		};
		38EF28792825644C00BBA6CE /* LaunchScreen.storyboard */ = {
			isa = PBXVariantGroup;
			children = (
				38EF287A2825644C00BBA6CE /* Base */,
			);
			name = LaunchScreen.storyboard;
			sourceTree = "<group>";
		};
/* End PBXVariantGroup section */

/* Begin XCBuildConfiguration section */
		38EF287D2825644C00BBA6CE /* Debug */ = {
			isa = XCBuildConfiguration;
			buildSettings = {
				ALWAYS_SEARCH_USER_PATHS = NO;
				CLANG_ANALYZER_NONNULL = YES;
				CLANG_ANALYZER_NUMBER_OBJECT_CONVERSION = YES_AGGRESSIVE;
				CLANG_CXX_LANGUAGE_STANDARD = "gnu++14";
				CLANG_CXX_LIBRARY = "libc++";
				CLANG_ENABLE_MODULES = YES;
				CLANG_ENABLE_OBJC_ARC = YES;
				CLANG_ENABLE_OBJC_WEAK = YES;
				CLANG_WARN_BLOCK_CAPTURE_AUTORELEASING = YES;
				CLANG_WARN_BOOL_CONVERSION = YES;
				CLANG_WARN_COMMA = YES;
				CLANG_WARN_CONSTANT_CONVERSION = YES;
				CLANG_WARN_DEPRECATED_OBJC_IMPLEMENTATIONS = YES;
				CLANG_WARN_DIRECT_OBJC_ISA_USAGE = YES_ERROR;
				CLANG_WARN_DOCUMENTATION_COMMENTS = YES;
				CLANG_WARN_EMPTY_BODY = YES;
				CLANG_WARN_ENUM_CONVERSION = YES;
				CLANG_WARN_INFINITE_RECURSION = YES;
				CLANG_WARN_INT_CONVERSION = YES;
				CLANG_WARN_NON_LITERAL_NULL_CONVERSION = YES;
				CLANG_WARN_OBJC_IMPLICIT_RETAIN_SELF = YES;
				CLANG_WARN_OBJC_LITERAL_CONVERSION = YES;
				CLANG_WARN_OBJC_ROOT_CLASS = YES_ERROR;
				CLANG_WARN_QUOTED_INCLUDE_IN_FRAMEWORK_HEADER = YES;
				CLANG_WARN_RANGE_LOOP_ANALYSIS = YES;
				CLANG_WARN_STRICT_PROTOTYPES = YES;
				CLANG_WARN_SUSPICIOUS_MOVE = YES;
				CLANG_WARN_UNGUARDED_AVAILABILITY = YES_AGGRESSIVE;
				CLANG_WARN_UNREACHABLE_CODE = YES;
				CLANG_WARN__DUPLICATE_METHOD_MATCH = YES;
				COPY_PHASE_STRIP = NO;
				DEBUG_INFORMATION_FORMAT = dwarf;
				ENABLE_STRICT_OBJC_MSGSEND = YES;
				ENABLE_TESTABILITY = YES;
				GCC_C_LANGUAGE_STANDARD = gnu11;
				GCC_DYNAMIC_NO_PIC = NO;
				GCC_NO_COMMON_BLOCKS = YES;
				GCC_OPTIMIZATION_LEVEL = 0;
				GCC_PREPROCESSOR_DEFINITIONS = (
					"DEBUG=1",
					"$(inherited)",
				);
				GCC_WARN_64_TO_32_BIT_CONVERSION = YES;
				GCC_WARN_ABOUT_RETURN_TYPE = YES_ERROR;
				GCC_WARN_UNDECLARED_SELECTOR = YES;
				GCC_WARN_UNINITIALIZED_AUTOS = YES_AGGRESSIVE;
				GCC_WARN_UNUSED_FUNCTION = YES;
				GCC_WARN_UNUSED_VARIABLE = YES;
				IPHONEOS_DEPLOYMENT_TARGET = 14.1;
				MTL_ENABLE_DEBUG_INFO = INCLUDE_SOURCE;
				MTL_FAST_MATH = YES;
				ONLY_ACTIVE_ARCH = YES;
				SDKROOT = iphoneos;
				SWIFT_ACTIVE_COMPILATION_CONDITIONS = DEBUG;
				SWIFT_OPTIMIZATION_LEVEL = "-Onone";
			};
			name = Debug;
		};
		38EF287E2825644C00BBA6CE /* Release */ = {
			isa = XCBuildConfiguration;
			buildSettings = {
				ALWAYS_SEARCH_USER_PATHS = NO;
				CLANG_ANALYZER_NONNULL = YES;
				CLANG_ANALYZER_NUMBER_OBJECT_CONVERSION = YES_AGGRESSIVE;
				CLANG_CXX_LANGUAGE_STANDARD = "gnu++14";
				CLANG_CXX_LIBRARY = "libc++";
				CLANG_ENABLE_MODULES = YES;
				CLANG_ENABLE_OBJC_ARC = YES;
				CLANG_ENABLE_OBJC_WEAK = YES;
				CLANG_WARN_BLOCK_CAPTURE_AUTORELEASING = YES;
				CLANG_WARN_BOOL_CONVERSION = YES;
				CLANG_WARN_COMMA = YES;
				CLANG_WARN_CONSTANT_CONVERSION = YES;
				CLANG_WARN_DEPRECATED_OBJC_IMPLEMENTATIONS = YES;
				CLANG_WARN_DIRECT_OBJC_ISA_USAGE = YES_ERROR;
				CLANG_WARN_DOCUMENTATION_COMMENTS = YES;
				CLANG_WARN_EMPTY_BODY = YES;
				CLANG_WARN_ENUM_CONVERSION = YES;
				CLANG_WARN_INFINITE_RECURSION = YES;
				CLANG_WARN_INT_CONVERSION = YES;
				CLANG_WARN_NON_LITERAL_NULL_CONVERSION = YES;
				CLANG_WARN_OBJC_IMPLICIT_RETAIN_SELF = YES;
				CLANG_WARN_OBJC_LITERAL_CONVERSION = YES;
				CLANG_WARN_OBJC_ROOT_CLASS = YES_ERROR;
				CLANG_WARN_QUOTED_INCLUDE_IN_FRAMEWORK_HEADER = YES;
				CLANG_WARN_RANGE_LOOP_ANALYSIS = YES;
				CLANG_WARN_STRICT_PROTOTYPES = YES;
				CLANG_WARN_SUSPICIOUS_MOVE = YES;
				CLANG_WARN_UNGUARDED_AVAILABILITY = YES_AGGRESSIVE;
				CLANG_WARN_UNREACHABLE_CODE = YES;
				CLANG_WARN__DUPLICATE_METHOD_MATCH = YES;
				COPY_PHASE_STRIP = NO;
				DEBUG_INFORMATION_FORMAT = "dwarf-with-dsym";
				ENABLE_NS_ASSERTIONS = NO;
				ENABLE_STRICT_OBJC_MSGSEND = YES;
				GCC_C_LANGUAGE_STANDARD = gnu11;
				GCC_NO_COMMON_BLOCKS = YES;
				GCC_WARN_64_TO_32_BIT_CONVERSION = YES;
				GCC_WARN_ABOUT_RETURN_TYPE = YES_ERROR;
				GCC_WARN_UNDECLARED_SELECTOR = YES;
				GCC_WARN_UNINITIALIZED_AUTOS = YES_AGGRESSIVE;
				GCC_WARN_UNUSED_FUNCTION = YES;
				GCC_WARN_UNUSED_VARIABLE = YES;
				IPHONEOS_DEPLOYMENT_TARGET = 14.1;
				MTL_ENABLE_DEBUG_INFO = NO;
				MTL_FAST_MATH = YES;
				SDKROOT = iphoneos;
				SWIFT_COMPILATION_MODE = wholemodule;
				SWIFT_OPTIMIZATION_LEVEL = "-O";
				VALIDATE_PRODUCT = YES;
			};
			name = Release;
		};
		38EF28802825644C00BBA6CE /* Debug */ = {
			isa = XCBuildConfiguration;
			buildSettings = {
				ASSETCATALOG_COMPILER_APPICON_NAME = AppIcon;
				ASSETCATALOG_COMPILER_GLOBAL_ACCENT_COLOR_NAME = AccentColor;
				CODE_SIGN_STYLE = Automatic;
				INFOPLIST_FILE = CalculadoraPropinas/Info.plist;
				LD_RUNPATH_SEARCH_PATHS = (
					"$(inherited)",
					"@executable_path/Frameworks",
				);
				PRODUCT_BUNDLE_IDENTIFIER = com.itmorelia.CalculadoraPropinas;
				PRODUCT_NAME = "$(TARGET_NAME)";
				SWIFT_VERSION = 5.0;
				TARGETED_DEVICE_FAMILY = "1,2";
			};
			name = Debug;
		};
		38EF28812825644C00BBA6CE /* Release */ = {
			isa = XCBuildConfiguration;
			buildSettings = {
				ASSETCATALOG_COMPILER_APPICON_NAME = AppIcon;
				ASSETCATALOG_COMPILER_GLOBAL_ACCENT_COLOR_NAME = AccentColor;
				CODE_SIGN_STYLE = Automatic;
				INFOPLIST_FILE = CalculadoraPropinas/Info.plist;
				LD_RUNPATH_SEARCH_PATHS = (
					"$(inherited)",
					"@executable_path/Frameworks",
				);
				PRODUCT_BUNDLE_IDENTIFIER = com.itmorelia.CalculadoraPropinas;
				PRODUCT_NAME = "$(TARGET_NAME)";
				SWIFT_VERSION = 5.0;
				TARGETED_DEVICE_FAMILY = "1,2";
			};
			name = Release;
		};
/* End XCBuildConfiguration section */

/* Begin XCConfigurationList section */
		38EF28662825643900BBA6CE /* Build configuration list for PBXProject "CalculadoraPropinas" */ = {
			isa = XCConfigurationList;
			buildConfigurations = (
				38EF287D2825644C00BBA6CE /* Debug */,
				38EF287E2825644C00BBA6CE /* Release */,
			);
			defaultConfigurationIsVisible = 0;
			defaultConfigurationName = Release;
		};
		38EF287F2825644C00BBA6CE /* Build configuration list for PBXNativeTarget "CalculadoraPropinas" */ = {
			isa = XCConfigurationList;
			buildConfigurations = (
				38EF28802825644C00BBA6CE /* Debug */,
				38EF28812825644C00BBA6CE /* Release */,
			);
			defaultConfigurationIsVisible = 0;
			defaultConfigurationName = Release;
		};
/* End XCConfigurationList section */
	};
	rootObject = 38EF28632825643900BBA6CE /* Project object */;
}
